// !$*UTF8*$!
{
	archiveVersion = 1;
	classes = {
	};
	objectVersion = 56;
	objects = {

/* Begin PBXBuildFile section */
		953B6F2528D3261C00B31F2E /* AlertsViewController.swift in Sources */ = {isa = PBXBuildFile; fileRef = 953B6F2428D3261C00B31F2E /* AlertsViewController.swift */; };
		953B6F2728D3402D00B31F2E /* README.md in Resources */ = {isa = PBXBuildFile; fileRef = 953B6F2628D3402D00B31F2E /* README.md */; };
		953B6F2928D3425F00B31F2E /* SliderViewController.swift in Sources */ = {isa = PBXBuildFile; fileRef = 953B6F2828D3425F00B31F2E /* SliderViewController.swift */; };
		9548E18F28E32CDC002B88F9 /* SystemInfoViewController.swift in Sources */ = {isa = PBXBuildFile; fileRef = 9548E18E28E32CDC002B88F9 /* SystemInfoViewController.swift */; };
		9548E19128E33803002B88F9 /* deviceVersions.txt in Resources */ = {isa = PBXBuildFile; fileRef = 9548E19028E33803002B88F9 /* deviceVersions.txt */; };
		95648BE228D87EF10066F189 /* TextFieldViewController.swift in Sources */ = {isa = PBXBuildFile; fileRef = 95648BE128D87EF10066F189 /* TextFieldViewController.swift */; };
		958E260A28DC4D7F00831921 /* SwitchesViewController.swift in Sources */ = {isa = PBXBuildFile; fileRef = 958E260928DC4D7F00831921 /* SwitchesViewController.swift */; };
		95A248DC28D1C05600B6C600 /* AppDelegate.swift in Sources */ = {isa = PBXBuildFile; fileRef = 95A248DB28D1C05600B6C600 /* AppDelegate.swift */; };
		95A248DE28D1C05600B6C600 /* SceneDelegate.swift in Sources */ = {isa = PBXBuildFile; fileRef = 95A248DD28D1C05600B6C600 /* SceneDelegate.swift */; };
		95A248E028D1C05600B6C600 /* MainViewController.swift in Sources */ = {isa = PBXBuildFile; fileRef = 95A248DF28D1C05600B6C600 /* MainViewController.swift */; };
		95A248E328D1C05600B6C600 /* Main.storyboard in Resources */ = {isa = PBXBuildFile; fileRef = 95A248E128D1C05600B6C600 /* Main.storyboard */; };
		95A248E528D1C05900B6C600 /* Assets.xcassets in Resources */ = {isa = PBXBuildFile; fileRef = 95A248E428D1C05900B6C600 /* Assets.xcassets */; };
		95A248E828D1C05900B6C600 /* LaunchScreen.storyboard in Resources */ = {isa = PBXBuildFile; fileRef = 95A248E628D1C05900B6C600 /* LaunchScreen.storyboard */; };
		95A248F028D1D4B600B6C600 /* ProtectedResourcesViewController.swift in Sources */ = {isa = PBXBuildFile; fileRef = 95A248EF28D1D4B600B6C600 /* ProtectedResourcesViewController.swift */; };
/* End PBXBuildFile section */

/* Begin PBXFileReference section */
		953B6F2428D3261C00B31F2E /* AlertsViewController.swift */ = {isa = PBXFileReference; lastKnownFileType = sourcecode.swift; path = AlertsViewController.swift; sourceTree = "<group>"; };
		953B6F2628D3402D00B31F2E /* README.md */ = {isa = PBXFileReference; lastKnownFileType = net.daringfireball.markdown; path = README.md; sourceTree = "<group>"; };
		953B6F2828D3425F00B31F2E /* SliderViewController.swift */ = {isa = PBXFileReference; lastKnownFileType = sourcecode.swift; path = SliderViewController.swift; sourceTree = "<group>"; };
		9548E18E28E32CDC002B88F9 /* SystemInfoViewController.swift */ = {isa = PBXFileReference; lastKnownFileType = sourcecode.swift; path = SystemInfoViewController.swift; sourceTree = "<group>"; };
		9548E19028E33803002B88F9 /* deviceVersions.txt */ = {isa = PBXFileReference; lastKnownFileType = text; path = deviceVersions.txt; sourceTree = "<group>"; };
		95648BE128D87EF10066F189 /* TextFieldViewController.swift */ = {isa = PBXFileReference; lastKnownFileType = sourcecode.swift; path = TextFieldViewController.swift; sourceTree = "<group>"; };
		958E260928DC4D7F00831921 /* SwitchesViewController.swift */ = {isa = PBXFileReference; lastKnownFileType = sourcecode.swift; path = SwitchesViewController.swift; sourceTree = "<group>"; };
		95A248D828D1C05600B6C600 /* ThesisApp.app */ = {isa = PBXFileReference; explicitFileType = wrapper.application; includeInIndex = 0; path = ThesisApp.app; sourceTree = BUILT_PRODUCTS_DIR; };
		95A248DB28D1C05600B6C600 /* AppDelegate.swift */ = {isa = PBXFileReference; lastKnownFileType = sourcecode.swift; path = AppDelegate.swift; sourceTree = "<group>"; };
		95A248DD28D1C05600B6C600 /* SceneDelegate.swift */ = {isa = PBXFileReference; lastKnownFileType = sourcecode.swift; path = SceneDelegate.swift; sourceTree = "<group>"; };
		95A248DF28D1C05600B6C600 /* MainViewController.swift */ = {isa = PBXFileReference; lastKnownFileType = sourcecode.swift; path = MainViewController.swift; sourceTree = "<group>"; };
		95A248E228D1C05600B6C600 /* Base */ = {isa = PBXFileReference; lastKnownFileType = file.storyboard; name = Base; path = Base.lproj/Main.storyboard; sourceTree = "<group>"; };
		95A248E428D1C05900B6C600 /* Assets.xcassets */ = {isa = PBXFileReference; lastKnownFileType = folder.assetcatalog; path = Assets.xcassets; sourceTree = "<group>"; };
		95A248E728D1C05900B6C600 /* Base */ = {isa = PBXFileReference; lastKnownFileType = file.storyboard; name = Base; path = Base.lproj/LaunchScreen.storyboard; sourceTree = "<group>"; };
		95A248E928D1C05900B6C600 /* Info.plist */ = {isa = PBXFileReference; lastKnownFileType = text.plist.xml; path = Info.plist; sourceTree = "<group>"; };
		95A248EF28D1D4B600B6C600 /* ProtectedResourcesViewController.swift */ = {isa = PBXFileReference; lastKnownFileType = sourcecode.swift; path = ProtectedResourcesViewController.swift; sourceTree = "<group>"; };
/* End PBXFileReference section */

/* Begin PBXFrameworksBuildPhase section */
		95A248D528D1C05600B6C600 /* Frameworks */ = {
			isa = PBXFrameworksBuildPhase;
			buildActionMask = 2147483647;
			files = (
			);
			runOnlyForDeploymentPostprocessing = 0;
		};
/* End PBXFrameworksBuildPhase section */

/* Begin PBXGroup section */
		95A248CF28D1C05600B6C600 = {
			isa = PBXGroup;
			children = (
				953B6F2628D3402D00B31F2E /* README.md */,
				95A248DA28D1C05600B6C600 /* ThesisApp */,
				95A248D928D1C05600B6C600 /* Products */,
			);
			sourceTree = "<group>";
		};
		95A248D928D1C05600B6C600 /* Products */ = {
			isa = PBXGroup;
			children = (
				95A248D828D1C05600B6C600 /* ThesisApp.app */,
			);
			name = Products;
			sourceTree = "<group>";
		};
		95A248DA28D1C05600B6C600 /* ThesisApp */ = {
			isa = PBXGroup;
			children = (
				953B6F2428D3261C00B31F2E /* AlertsViewController.swift */,
				95A248DB28D1C05600B6C600 /* AppDelegate.swift */,
				95A248DD28D1C05600B6C600 /* SceneDelegate.swift */,
				95A248DF28D1C05600B6C600 /* MainViewController.swift */,
				95A248E128D1C05600B6C600 /* Main.storyboard */,
				95648BE128D87EF10066F189 /* TextFieldViewController.swift */,
				95A248EF28D1D4B600B6C600 /* ProtectedResourcesViewController.swift */,
				95A248E428D1C05900B6C600 /* Assets.xcassets */,
				95A248E628D1C05900B6C600 /* LaunchScreen.storyboard */,
				95A248E928D1C05900B6C600 /* Info.plist */,
				953B6F2828D3425F00B31F2E /* SliderViewController.swift */,
				958E260928DC4D7F00831921 /* SwitchesViewController.swift */,
				9548E18E28E32CDC002B88F9 /* SystemInfoViewController.swift */,
				9548E19028E33803002B88F9 /* deviceVersions.txt */,
			);
			path = ThesisApp;
			sourceTree = "<group>";
		};
/* End PBXGroup section */

/* Begin PBXNativeTarget section */
		95A248D728D1C05600B6C600 /* ThesisApp */ = {
			isa = PBXNativeTarget;
			buildConfigurationList = 95A248EC28D1C05900B6C600 /* Build configuration list for PBXNativeTarget "ThesisApp" */;
			buildPhases = (
				95A248D428D1C05600B6C600 /* Sources */,
				95A248D528D1C05600B6C600 /* Frameworks */,
				95A248D628D1C05600B6C600 /* Resources */,
			);
			buildRules = (
			);
			dependencies = (
			);
			name = ThesisApp;
			productName = ThesisApp;
			productReference = 95A248D828D1C05600B6C600 /* ThesisApp.app */;
			productType = "com.apple.product-type.application";
		};
/* End PBXNativeTarget section */

/* Begin PBXProject section */
		95A248D028D1C05600B6C600 /* Project object */ = {
			isa = PBXProject;
			attributes = {
				BuildIndependentTargetsInParallel = 1;
				LastSwiftUpdateCheck = 1400;
				LastUpgradeCheck = 1400;
				TargetAttributes = {
					95A248D728D1C05600B6C600 = {
						CreatedOnToolsVersion = 14.0;
						LastSwiftMigration = 1400;
					};
				};
			};
			buildConfigurationList = 95A248D328D1C05600B6C600 /* Build configuration list for PBXProject "ThesisApp" */;
			compatibilityVersion = "Xcode 14.0";
			developmentRegion = en;
			hasScannedForEncodings = 0;
			knownRegions = (
				en,
				Base,
			);
			mainGroup = 95A248CF28D1C05600B6C600;
			productRefGroup = 95A248D928D1C05600B6C600 /* Products */;
			projectDirPath = "";
			projectRoot = "";
			targets = (
				95A248D728D1C05600B6C600 /* ThesisApp */,
			);
		};
/* End PBXProject section */

/* Begin PBXResourcesBuildPhase section */
		95A248D628D1C05600B6C600 /* Resources */ = {
			isa = PBXResourcesBuildPhase;
			buildActionMask = 2147483647;
			files = (
				95A248E828D1C05900B6C600 /* LaunchScreen.storyboard in Resources */,
				95A248E528D1C05900B6C600 /* Assets.xcassets in Resources */,
				9548E19128E33803002B88F9 /* deviceVersions.txt in Resources */,
				953B6F2728D3402D00B31F2E /* README.md in Resources */,
				95A248E328D1C05600B6C600 /* Main.storyboard in Resources */,
			);
			runOnlyForDeploymentPostprocessing = 0;
		};
/* End PBXResourcesBuildPhase section */

/* Begin PBXSourcesBuildPhase section */
		95A248D428D1C05600B6C600 /* Sources */ = {
			isa = PBXSourcesBuildPhase;
			buildActionMask = 2147483647;
			files = (
				958E260A28DC4D7F00831921 /* SwitchesViewController.swift in Sources */,
				95A248E028D1C05600B6C600 /* MainViewController.swift in Sources */,
				95A248F028D1D4B600B6C600 /* ProtectedResourcesViewController.swift in Sources */,
				9548E18F28E32CDC002B88F9 /* SystemInfoViewController.swift in Sources */,
				95648BE228D87EF10066F189 /* TextFieldViewController.swift in Sources */,
				953B6F2528D3261C00B31F2E /* AlertsViewController.swift in Sources */,
				953B6F2928D3425F00B31F2E /* SliderViewController.swift in Sources */,
				95A248DC28D1C05600B6C600 /* AppDelegate.swift in Sources */,
				95A248DE28D1C05600B6C600 /* SceneDelegate.swift in Sources */,
			);
			runOnlyForDeploymentPostprocessing = 0;
		};
/* End PBXSourcesBuildPhase section */

/* Begin PBXVariantGroup section */
		95A248E128D1C05600B6C600 /* Main.storyboard */ = {
			isa = PBXVariantGroup;
			children = (
				95A248E228D1C05600B6C600 /* Base */,
			);
			name = Main.storyboard;
			sourceTree = "<group>";
		};
		95A248E628D1C05900B6C600 /* LaunchScreen.storyboard */ = {
			isa = PBXVariantGroup;
			children = (
				95A248E728D1C05900B6C600 /* Base */,
			);
			name = LaunchScreen.storyboard;
			sourceTree = "<group>";
		};
/* End PBXVariantGroup section */

/* Begin XCBuildConfiguration section */
		95A248EA28D1C05900B6C600 /* Debug */ = {
			isa = XCBuildConfiguration;
			buildSettings = {
				ALWAYS_SEARCH_USER_PATHS = NO;
				CLANG_ANALYZER_NONNULL = YES;
				CLANG_ANALYZER_NUMBER_OBJECT_CONVERSION = YES_AGGRESSIVE;
				CLANG_CXX_LANGUAGE_STANDARD = "gnu++20";
				CLANG_ENABLE_MODULES = YES;
				CLANG_ENABLE_OBJC_ARC = YES;
				CLANG_ENABLE_OBJC_WEAK = YES;
				CLANG_WARN_BLOCK_CAPTURE_AUTORELEASING = YES;
				CLANG_WARN_BOOL_CONVERSION = YES;
				CLANG_WARN_COMMA = YES;
				CLANG_WARN_CONSTANT_CONVERSION = YES;
				CLANG_WARN_DEPRECATED_OBJC_IMPLEMENTATIONS = YES;
				CLANG_WARN_DIRECT_OBJC_ISA_USAGE = YES_ERROR;
				CLANG_WARN_DOCUMENTATION_COMMENTS = YES;
				CLANG_WARN_EMPTY_BODY = YES;
				CLANG_WARN_ENUM_CONVERSION = YES;
				CLANG_WARN_INFINITE_RECURSION = YES;
				CLANG_WARN_INT_CONVERSION = YES;
				CLANG_WARN_NON_LITERAL_NULL_CONVERSION = YES;
				CLANG_WARN_OBJC_IMPLICIT_RETAIN_SELF = YES;
				CLANG_WARN_OBJC_LITERAL_CONVERSION = YES;
				CLANG_WARN_OBJC_ROOT_CLASS = YES_ERROR;
				CLANG_WARN_QUOTED_INCLUDE_IN_FRAMEWORK_HEADER = YES;
				CLANG_WARN_RANGE_LOOP_ANALYSIS = YES;
				CLANG_WARN_STRICT_PROTOTYPES = YES;
				CLANG_WARN_SUSPICIOUS_MOVE = YES;
				CLANG_WARN_UNGUARDED_AVAILABILITY = YES_AGGRESSIVE;
				CLANG_WARN_UNREACHABLE_CODE = YES;
				CLANG_WARN__DUPLICATE_METHOD_MATCH = YES;
				COPY_PHASE_STRIP = NO;
				DEBUG_INFORMATION_FORMAT = dwarf;
				ENABLE_STRICT_OBJC_MSGSEND = YES;
				ENABLE_TESTABILITY = YES;
				GCC_C_LANGUAGE_STANDARD = gnu11;
				GCC_DYNAMIC_NO_PIC = NO;
				GCC_NO_COMMON_BLOCKS = YES;
				GCC_OPTIMIZATION_LEVEL = 0;
				GCC_PREPROCESSOR_DEFINITIONS = (
					"DEBUG=1",
					"$(inherited)",
				);
				GCC_WARN_64_TO_32_BIT_CONVERSION = YES;
				GCC_WARN_ABOUT_RETURN_TYPE = YES_ERROR;
				GCC_WARN_UNDECLARED_SELECTOR = YES;
				GCC_WARN_UNINITIALIZED_AUTOS = YES_AGGRESSIVE;
				GCC_WARN_UNUSED_FUNCTION = YES;
				GCC_WARN_UNUSED_VARIABLE = YES;
				IPHONEOS_DEPLOYMENT_TARGET = 16.0;
				MTL_ENABLE_DEBUG_INFO = INCLUDE_SOURCE;
				MTL_FAST_MATH = YES;
				ONLY_ACTIVE_ARCH = YES;
				SDKROOT = iphoneos;
				SWIFT_ACTIVE_COMPILATION_CONDITIONS = DEBUG;
				SWIFT_OPTIMIZATION_LEVEL = "-Onone";
			};
			name = Debug;
		};
		95A248EB28D1C05900B6C600 /* Release */ = {
			isa = XCBuildConfiguration;
			buildSettings = {
				ALWAYS_SEARCH_USER_PATHS = NO;
				CLANG_ANALYZER_NONNULL = YES;
				CLANG_ANALYZER_NUMBER_OBJECT_CONVERSION = YES_AGGRESSIVE;
				CLANG_CXX_LANGUAGE_STANDARD = "gnu++20";
				CLANG_ENABLE_MODULES = YES;
				CLANG_ENABLE_OBJC_ARC = YES;
				CLANG_ENABLE_OBJC_WEAK = YES;
				CLANG_WARN_BLOCK_CAPTURE_AUTORELEASING = YES;
				CLANG_WARN_BOOL_CONVERSION = YES;
				CLANG_WARN_COMMA = YES;
				CLANG_WARN_CONSTANT_CONVERSION = YES;
				CLANG_WARN_DEPRECATED_OBJC_IMPLEMENTATIONS = YES;
				CLANG_WARN_DIRECT_OBJC_ISA_USAGE = YES_ERROR;
				CLANG_WARN_DOCUMENTATION_COMMENTS = YES;
				CLANG_WARN_EMPTY_BODY = YES;
				CLANG_WARN_ENUM_CONVERSION = YES;
				CLANG_WARN_INFINITE_RECURSION = YES;
				CLANG_WARN_INT_CONVERSION = YES;
				CLANG_WARN_NON_LITERAL_NULL_CONVERSION = YES;
				CLANG_WARN_OBJC_IMPLICIT_RETAIN_SELF = YES;
				CLANG_WARN_OBJC_LITERAL_CONVERSION = YES;
				CLANG_WARN_OBJC_ROOT_CLASS = YES_ERROR;
				CLANG_WARN_QUOTED_INCLUDE_IN_FRAMEWORK_HEADER = YES;
				CLANG_WARN_RANGE_LOOP_ANALYSIS = YES;
				CLANG_WARN_STRICT_PROTOTYPES = YES;
				CLANG_WARN_SUSPICIOUS_MOVE = YES;
				CLANG_WARN_UNGUARDED_AVAILABILITY = YES_AGGRESSIVE;
				CLANG_WARN_UNREACHABLE_CODE = YES;
				CLANG_WARN__DUPLICATE_METHOD_MATCH = YES;
				COPY_PHASE_STRIP = NO;
				DEBUG_INFORMATION_FORMAT = "dwarf-with-dsym";
				ENABLE_NS_ASSERTIONS = NO;
				ENABLE_STRICT_OBJC_MSGSEND = YES;
				GCC_C_LANGUAGE_STANDARD = gnu11;
				GCC_NO_COMMON_BLOCKS = YES;
				GCC_WARN_64_TO_32_BIT_CONVERSION = YES;
				GCC_WARN_ABOUT_RETURN_TYPE = YES_ERROR;
				GCC_WARN_UNDECLARED_SELECTOR = YES;
				GCC_WARN_UNINITIALIZED_AUTOS = YES_AGGRESSIVE;
				GCC_WARN_UNUSED_FUNCTION = YES;
				GCC_WARN_UNUSED_VARIABLE = YES;
				IPHONEOS_DEPLOYMENT_TARGET = 16.0;
				MTL_ENABLE_DEBUG_INFO = NO;
				MTL_FAST_MATH = YES;
				SDKROOT = iphoneos;
				SWIFT_COMPILATION_MODE = wholemodule;
				SWIFT_OPTIMIZATION_LEVEL = "-O";
				VALIDATE_PRODUCT = YES;
			};
			name = Release;
		};
		95A248ED28D1C05900B6C600 /* Debug */ = {
			isa = XCBuildConfiguration;
			buildSettings = {
				ASSETCATALOG_COMPILER_APPICON_NAME = AppIcon;
				ASSETCATALOG_COMPILER_GLOBAL_ACCENT_COLOR_NAME = AccentColor;
				CLANG_ENABLE_MODULES = YES;
				CODE_SIGN_STYLE = Automatic;
				CURRENT_PROJECT_VERSION = 1;
				DEVELOPMENT_TEAM = 82AWN77562;
				GENERATE_INFOPLIST_FILE = YES;
				INFOPLIST_FILE = ThesisApp/Info.plist;
				INFOPLIST_KEY_LSApplicationCategoryType = "public.app-category.developer-tools";
				INFOPLIST_KEY_UIApplicationSupportsIndirectInputEvents = YES;
				INFOPLIST_KEY_UILaunchStoryboardName = LaunchScreen;
				INFOPLIST_KEY_UIMainStoryboardFile = Main;
				INFOPLIST_KEY_UISupportedInterfaceOrientations_iPad = "UIInterfaceOrientationPortrait UIInterfaceOrientationPortraitUpsideDown UIInterfaceOrientationLandscapeLeft UIInterfaceOrientationLandscapeRight";
				INFOPLIST_KEY_UISupportedInterfaceOrientations_iPhone = "UIInterfaceOrientationPortrait UIInterfaceOrientationLandscapeLeft UIInterfaceOrientationLandscapeRight";
				IPHONEOS_DEPLOYMENT_TARGET = 14.4;
				LD_RUNPATH_SEARCH_PATHS = (
					"$(inherited)",
					"@executable_path/Frameworks",
				);
				MARKETING_VERSION = 0.1;
				PRODUCT_BUNDLE_IDENTIFIER = com.example.ThesisApp;
				PRODUCT_NAME = "$(TARGET_NAME)";
				SUPPORTED_PLATFORMS = "iphoneos iphonesimulator";
				SUPPORTS_MACCATALYST = NO;
				SUPPORTS_MAC_DESIGNED_FOR_IPHONE_IPAD = NO;
				SWIFT_EMIT_LOC_STRINGS = YES;
				SWIFT_OPTIMIZATION_LEVEL = "-Onone";
				SWIFT_VERSION = 5.0;
				TARGETED_DEVICE_FAMILY = 1;
			};
			name = Debug;
		};
		95A248EE28D1C05900B6C600 /* Release */ = {
			isa = XCBuildConfiguration;
			buildSettings = {
				ASSETCATALOG_COMPILER_APPICON_NAME = AppIcon;
				ASSETCATALOG_COMPILER_GLOBAL_ACCENT_COLOR_NAME = AccentColor;
				CLANG_ENABLE_MODULES = YES;
				CODE_SIGN_STYLE = Automatic;
				CURRENT_PROJECT_VERSION = 1;
				DEVELOPMENT_TEAM = 82AWN77562;
				GENERATE_INFOPLIST_FILE = YES;
				INFOPLIST_FILE = ThesisApp/Info.plist;
				INFOPLIST_KEY_LSApplicationCategoryType = "public.app-category.developer-tools";
				INFOPLIST_KEY_UIApplicationSupportsIndirectInputEvents = YES;
				INFOPLIST_KEY_UILaunchStoryboardName = LaunchScreen;
				INFOPLIST_KEY_UIMainStoryboardFile = Main;
				INFOPLIST_KEY_UISupportedInterfaceOrientations_iPad = "UIInterfaceOrientationPortrait UIInterfaceOrientationPortraitUpsideDown UIInterfaceOrientationLandscapeLeft UIInterfaceOrientationLandscapeRight";
				INFOPLIST_KEY_UISupportedInterfaceOrientations_iPhone = "UIInterfaceOrientationPortrait UIInterfaceOrientationLandscapeLeft UIInterfaceOrientationLandscapeRight";
				IPHONEOS_DEPLOYMENT_TARGET = 14.4;
				LD_RUNPATH_SEARCH_PATHS = (
					"$(inherited)",
					"@executable_path/Frameworks",
				);
				MARKETING_VERSION = 0.1;
				PRODUCT_BUNDLE_IDENTIFIER = com.example.ThesisApp;
				PRODUCT_NAME = "$(TARGET_NAME)";
				SUPPORTED_PLATFORMS = "iphoneos iphonesimulator";
				SUPPORTS_MACCATALYST = NO;
				SUPPORTS_MAC_DESIGNED_FOR_IPHONE_IPAD = NO;
				SWIFT_EMIT_LOC_STRINGS = YES;
				SWIFT_VERSION = 5.0;
				TARGETED_DEVICE_FAMILY = 1;
			};
			name = Release;
		};
/* End XCBuildConfiguration section */

/* Begin XCConfigurationList section */
		95A248D328D1C05600B6C600 /* Build configuration list for PBXProject "ThesisApp" */ = {
			isa = XCConfigurationList;
			buildConfigurations = (
				95A248EA28D1C05900B6C600 /* Debug */,
				95A248EB28D1C05900B6C600 /* Release */,
			);
			defaultConfigurationIsVisible = 0;
			defaultConfigurationName = Release;
		};
		95A248EC28D1C05900B6C600 /* Build configuration list for PBXNativeTarget "ThesisApp" */ = {
			isa = XCConfigurationList;
			buildConfigurations = (
				95A248ED28D1C05900B6C600 /* Debug */,
				95A248EE28D1C05900B6C600 /* Release */,
			);
			defaultConfigurationIsVisible = 0;
			defaultConfigurationName = Release;
		};
/* End XCConfigurationList section */
	};
	rootObject = 95A248D028D1C05600B6C600 /* Project object */;
}
